{
  "version": 4,
  "terraform_version": "1.13.3",
  "serial": 8,
  "lineage": "1678bffd-4457-77e3-b341-113a841453c2",
  "outputs": {},
  "resources": [
    {
      "mode": "managed",
      "type": "azurerm_container_registry",
      "name": "acr",
      "provider": "provider[\"registry.terraform.io/hashicorp/azurerm\"]",
      "instances": [
        {
          "schema_version": 2,
          "attributes": {
            "admin_enabled": true,
            "admin_password": "GOhnuMqEyV0b1/5zUrJ0OVaLA7pBvCk7+NL3PvejKw+ACRBeF8ZS",
            "admin_username": "hallticketviewercontainer289",
            "anonymous_pull_enabled": false,
            "data_endpoint_enabled": false,
            "data_endpoint_host_names": [],
            "encryption": [],
            "export_policy_enabled": true,
            "georeplications": [],
            "id": "/subscriptions/c650f963-8eec-48ce-8ac0-029ddfc0f1dc/resourceGroups/react-express-rg/providers/Microsoft.ContainerRegistry/registries/hallticketviewercontainer289",
            "identity": [],
            "location": "centralindia",
            "login_server": "hallticketviewercontainer289.azurecr.io",
            "name": "hallticketviewercontainer289",
            "network_rule_bypass_option": "AzureServices",
            "network_rule_set": [],
            "public_network_access_enabled": true,
            "quarantine_policy_enabled": false,
            "resource_group_name": "react-express-rg",
            "retention_policy_in_days": 0,
            "sku": "Basic",
            "tags": null,
            "timeouts": null,
            "trust_policy_enabled": false,
            "zone_redundancy_enabled": false
          },
          "sensitive_attributes": [
            [
              {
                "type": "get_attr",
                "value": "admin_password"
              }
            ]
          ],
          "identity_schema_version": 0,
          "private": "eyJlMmJmYjczMC1lY2FhLTExZTYtOGY4OC0zNDM2M2JjN2M0YzAiOnsiY3JlYXRlIjoxODAwMDAwMDAwMDAwLCJkZWxldGUiOjE4MDAwMDAwMDAwMDAsInJlYWQiOjMwMDAwMDAwMDAwMCwidXBkYXRlIjoxODAwMDAwMDAwMDAwfSwic2NoZW1hX3ZlcnNpb24iOiIyIn0=",
          "dependencies": [
            "azurerm_resource_group.rg"
          ]
        }
      ]
    },
    {
      "mode": "managed",
      "type": "azurerm_linux_web_app",
      "name": "backend",
      "provider": "provider[\"registry.terraform.io/hashicorp/azurerm\"]",
      "instances": [
        {
          "schema_version": 1,
          "attributes": {
            "app_settings": {
              "FRONTEND_URL": "https://hallticket-frontend-app-123.azurewebsites.net"
            },
            "auth_settings": [],
            "auth_settings_v2": [],
            "backup": [],
            "client_affinity_enabled": false,
            "client_certificate_enabled": false,
            "client_certificate_exclusion_paths": "",
            "client_certificate_mode": "Required",
            "connection_string": [],
            "custom_domain_verification_id": "DA4654A3BA3C028CE0172F9ECDD2C6B7520C5361DCF186684C0F8AECE2851491",
            "default_hostname": "hallticket-backend-app-123.azurewebsites.net",
            "enabled": true,
            "ftp_publish_basic_authentication_enabled": true,
            "hosting_environment_id": "",
            "https_only": false,
            "id": "/subscriptions/c650f963-8eec-48ce-8ac0-029ddfc0f1dc/resourceGroups/react-express-rg/providers/Microsoft.Web/sites/hallticket-backend-app-123",
            "identity": [
              {
                "identity_ids": null,
                "principal_id": "a54c9f7d-8bdf-4b38-87ff-16d4aa8cb63f",
                "tenant_id": "b063c9c1-3667-4d97-b67d-9a3fee64078a",
                "type": "SystemAssigned"
              }
            ],
            "key_vault_reference_identity_id": "SystemAssigned",
            "kind": "app,linux",
            "location": "centralindia",
            "logs": [],
            "name": "hallticket-backend-app-123",
            "outbound_ip_address_list": [
              "135.235.227.132",
              "135.235.179.140",
              "135.235.179.146",
              "40.81.249.203",
              "135.235.240.125",
              "40.81.253.148",
              "98.70.219.245",
              "98.70.229.56",
              "135.235.228.235",
              "135.235.236.63",
              "135.235.178.114",
              "20.235.212.53",
              "20.192.170.128"
            ],
            "outbound_ip_addresses": "135.235.227.132,135.235.179.140,135.235.179.146,40.81.249.203,135.235.240.125,40.81.253.148,98.70.219.245,98.70.229.56,135.235.228.235,135.235.236.63,135.235.178.114,20.235.212.53,20.192.170.128",
            "possible_outbound_ip_address_list": [
              "135.235.227.132",
              "135.235.179.140",
              "135.235.179.146",
              "40.81.249.203",
              "135.235.240.125",
              "40.81.253.148",
              "98.70.219.245",
              "98.70.229.56",
              "135.235.228.235",
              "135.235.236.63",
              "135.235.178.114",
              "20.235.212.53",
              "135.235.251.208",
              "98.70.228.193",
              "135.235.251.223",
              "135.235.236.71",
              "98.70.220.134",
              "135.235.230.125",
              "135.235.178.153",
              "4.213.198.186",
              "98.70.219.118",
              "52.140.82.46",
              "4.213.199.65",
              "135.235.251.132",
              "4.224.160.180",
              "135.235.232.78",
              "20.235.214.157",
              "135.235.242.240",
              "135.235.227.234",
              "98.70.225.213",
              "20.192.170.128"
            ],
            "possible_outbound_ip_addresses": "135.235.227.132,135.235.179.140,135.235.179.146,40.81.249.203,135.235.240.125,40.81.253.148,98.70.219.245,98.70.229.56,135.235.228.235,135.235.236.63,135.235.178.114,20.235.212.53,135.235.251.208,98.70.228.193,135.235.251.223,135.235.236.71,98.70.220.134,135.235.230.125,135.235.178.153,4.213.198.186,98.70.219.118,52.140.82.46,4.213.199.65,135.235.251.132,4.224.160.180,135.235.232.78,20.235.214.157,135.235.242.240,135.235.227.234,98.70.225.213,20.192.170.128",
            "public_network_access_enabled": true,
            "resource_group_name": "react-express-rg",
            "service_plan_id": "/subscriptions/c650f963-8eec-48ce-8ac0-029ddfc0f1dc/resourceGroups/react-express-rg/providers/Microsoft.Web/serverFarms/react-express-free-plan",
            "site_config": [
              {
                "always_on": false,
                "api_definition_url": "",
                "api_management_api_id": "",
                "app_command_line": "",
                "application_stack": [
                  {
                    "docker_image_name": "",
                    "docker_registry_password": "",
                    "docker_registry_url": "",
                    "docker_registry_username": "",
                    "dotnet_version": "",
                    "go_version": "",
                    "java_server": "",
                    "java_server_version": "",
                    "java_version": "",
                    "node_version": "",
                    "php_version": "",
                    "python_version": "",
                    "ruby_version": ""
                  }
                ],
                "auto_heal_setting": [],
                "container_registry_managed_identity_client_id": "",
                "container_registry_use_managed_identity": false,
                "cors": [],
                "default_documents": [
                  "Default.htm",
                  "Default.html",
                  "Default.asp",
                  "index.htm",
                  "index.html",
                  "iisstart.htm",
                  "default.aspx",
                  "index.php",
                  "hostingstart.html"
                ],
                "detailed_error_logging_enabled": false,
                "ftps_state": "Disabled",
                "health_check_eviction_time_in_min": 0,
                "health_check_path": "",
                "http2_enabled": false,
                "ip_restriction": [],
                "ip_restriction_default_action": "Allow",
                "linux_fx_version": "",
                "load_balancing_mode": "LeastRequests",
                "local_mysql_enabled": false,
                "managed_pipeline_mode": "Integrated",
                "minimum_tls_version": "1.2",
                "remote_debugging_enabled": false,
                "remote_debugging_version": "VS2022",
                "scm_ip_restriction": [],
                "scm_ip_restriction_default_action": "Allow",
                "scm_minimum_tls_version": "1.2",
                "scm_type": "None",
                "scm_use_main_ip_restriction": false,
                "use_32_bit_worker": true,
                "vnet_route_all_enabled": false,
                "websockets_enabled": false,
                "worker_count": 1
              }
            ],
            "site_credential": [
              {
                "name": "$hallticket-backend-app-123",
                "password": "mpZF7ks20i0sWicMFo7TYvGueXvb2txbn5tx4DAi65hauJtSobzksLSZpQ74"
              }
            ],
            "sticky_settings": [],
            "storage_account": [],
            "tags": null,
            "timeouts": null,
            "virtual_network_backup_restore_enabled": false,
            "virtual_network_subnet_id": "",
            "vnet_image_pull_enabled": false,
            "webdeploy_publish_basic_authentication_enabled": true,
            "zip_deploy_file": ""
          },
          "sensitive_attributes": [
            [
              {
                "type": "get_attr",
                "value": "custom_domain_verification_id"
              }
            ],
            [
              {
                "type": "get_attr",
                "value": "site_config"
              },
              {
                "type": "index",
                "value": {
                  "value": 0,
                  "type": "number"
                }
              },
              {
                "type": "get_attr",
                "value": "application_stack"
              },
              {
                "type": "index",
                "value": {
                  "value": 0,
                  "type": "number"
                }
              },
              {
                "type": "get_attr",
                "value": "docker_registry_password"
              }
            ],
            [
              {
                "type": "get_attr",
                "value": "site_credential"
              }
            ]
          ],
          "identity_schema_version": 0,
          "private": "eyJlMmJmYjczMC1lY2FhLTExZTYtOGY4OC0zNDM2M2JjN2M0YzAiOnsiY3JlYXRlIjoxODAwMDAwMDAwMDAwLCJkZWxldGUiOjE4MDAwMDAwMDAwMDAsInJlYWQiOjMwMDAwMDAwMDAwMCwidXBkYXRlIjoxODAwMDAwMDAwMDAwfSwic2NoZW1hX3ZlcnNpb24iOiIxIn0=",
          "dependencies": [
            "azurerm_linux_web_app.frontend",
            "azurerm_resource_group.rg",
            "azurerm_service_plan.plan"
          ]
        }
      ]
    },
    {
      "mode": "managed",
      "type": "azurerm_linux_web_app",
      "name": "frontend",
      "provider": "provider[\"registry.terraform.io/hashicorp/azurerm\"]",
      "instances": [
        {
          "schema_version": 1,
          "attributes": {
            "app_settings": null,
            "auth_settings": [],
            "auth_settings_v2": [],
            "backup": [],
            "client_affinity_enabled": false,
            "client_certificate_enabled": false,
            "client_certificate_exclusion_paths": "",
            "client_certificate_mode": "Required",
            "connection_string": [],
            "custom_domain_verification_id": "DA4654A3BA3C028CE0172F9ECDD2C6B7520C5361DCF186684C0F8AECE2851491",
            "default_hostname": "hallticket-frontend-app-123.azurewebsites.net",
            "enabled": true,
            "ftp_publish_basic_authentication_enabled": true,
            "hosting_environment_id": "",
            "https_only": false,
            "id": "/subscriptions/c650f963-8eec-48ce-8ac0-029ddfc0f1dc/resourceGroups/react-express-rg/providers/Microsoft.Web/sites/hallticket-frontend-app-123",
            "identity": [
              {
                "identity_ids": null,
                "principal_id": "d5b6381a-8a3f-4470-ace9-dcb7a0e9de70",
                "tenant_id": "b063c9c1-3667-4d97-b67d-9a3fee64078a",
                "type": "SystemAssigned"
              }
            ],
            "key_vault_reference_identity_id": "SystemAssigned",
            "kind": "app,linux",
            "location": "centralindia",
            "logs": [],
            "name": "hallticket-frontend-app-123",
            "outbound_ip_address_list": [
              "135.235.227.132",
              "135.235.179.140",
              "135.235.179.146",
              "40.81.249.203",
              "135.235.240.125",
              "40.81.253.148",
              "98.70.219.245",
              "98.70.229.56",
              "135.235.228.235",
              "135.235.236.63",
              "135.235.178.114",
              "20.235.212.53",
              "20.192.170.128"
            ],
            "outbound_ip_addresses": "135.235.227.132,135.235.179.140,135.235.179.146,40.81.249.203,135.235.240.125,40.81.253.148,98.70.219.245,98.70.229.56,135.235.228.235,135.235.236.63,135.235.178.114,20.235.212.53,20.192.170.128",
            "possible_outbound_ip_address_list": [
              "135.235.227.132",
              "135.235.179.140",
              "135.235.179.146",
              "40.81.249.203",
              "135.235.240.125",
              "40.81.253.148",
              "98.70.219.245",
              "98.70.229.56",
              "135.235.228.235",
              "135.235.236.63",
              "135.235.178.114",
              "20.235.212.53",
              "135.235.251.208",
              "98.70.228.193",
              "135.235.251.223",
              "135.235.236.71",
              "98.70.220.134",
              "135.235.230.125",
              "135.235.178.153",
              "4.213.198.186",
              "98.70.219.118",
              "52.140.82.46",
              "4.213.199.65",
              "135.235.251.132",
              "4.224.160.180",
              "135.235.232.78",
              "20.235.214.157",
              "135.235.242.240",
              "135.235.227.234",
              "98.70.225.213",
              "20.192.170.128"
            ],
            "possible_outbound_ip_addresses": "135.235.227.132,135.235.179.140,135.235.179.146,40.81.249.203,135.235.240.125,40.81.253.148,98.70.219.245,98.70.229.56,135.235.228.235,135.235.236.63,135.235.178.114,20.235.212.53,135.235.251.208,98.70.228.193,135.235.251.223,135.235.236.71,98.70.220.134,135.235.230.125,135.235.178.153,4.213.198.186,98.70.219.118,52.140.82.46,4.213.199.65,135.235.251.132,4.224.160.180,135.235.232.78,20.235.214.157,135.235.242.240,135.235.227.234,98.70.225.213,20.192.170.128",
            "public_network_access_enabled": true,
            "resource_group_name": "react-express-rg",
            "service_plan_id": "/subscriptions/c650f963-8eec-48ce-8ac0-029ddfc0f1dc/resourceGroups/react-express-rg/providers/Microsoft.Web/serverFarms/react-express-free-plan",
            "site_config": [
              {
                "always_on": false,
                "api_definition_url": "",
                "api_management_api_id": "",
                "app_command_line": "",
                "application_stack": [
                  {
                    "docker_image_name": "",
                    "docker_registry_password": "",
                    "docker_registry_url": "",
                    "docker_registry_username": "",
                    "dotnet_version": "",
                    "go_version": "",
                    "java_server": "",
                    "java_server_version": "",
                    "java_version": "",
                    "node_version": "",
                    "php_version": "",
                    "python_version": "",
                    "ruby_version": ""
                  }
                ],
                "auto_heal_setting": [],
                "container_registry_managed_identity_client_id": "",
                "container_registry_use_managed_identity": false,
                "cors": [],
                "default_documents": [
                  "Default.htm",
                  "Default.html",
                  "Default.asp",
                  "index.htm",
                  "index.html",
                  "iisstart.htm",
                  "default.aspx",
                  "index.php",
                  "hostingstart.html"
                ],
                "detailed_error_logging_enabled": false,
                "ftps_state": "Disabled",
                "health_check_eviction_time_in_min": 0,
                "health_check_path": "",
                "http2_enabled": false,
                "ip_restriction": [],
                "ip_restriction_default_action": "Allow",
                "linux_fx_version": "",
                "load_balancing_mode": "LeastRequests",
                "local_mysql_enabled": false,
                "managed_pipeline_mode": "Integrated",
                "minimum_tls_version": "1.2",
                "remote_debugging_enabled": false,
                "remote_debugging_version": "VS2022",
                "scm_ip_restriction": [],
                "scm_ip_restriction_default_action": "Allow",
                "scm_minimum_tls_version": "1.2",
                "scm_type": "None",
                "scm_use_main_ip_restriction": false,
                "use_32_bit_worker": true,
                "vnet_route_all_enabled": false,
                "websockets_enabled": false,
                "worker_count": 1
              }
            ],
            "site_credential": [
              {
                "name": "$hallticket-frontend-app-123",
                "password": "jt4mPdRGt2bTAxGJfkP6gvqb1jiK4YFci3murayl3wx3ySfxQPfG13SD9Yjb"
              }
            ],
            "sticky_settings": [],
            "storage_account": [],
            "tags": null,
            "timeouts": null,
            "virtual_network_backup_restore_enabled": false,
            "virtual_network_subnet_id": "",
            "vnet_image_pull_enabled": false,
            "webdeploy_publish_basic_authentication_enabled": true,
            "zip_deploy_file": ""
          },
          "sensitive_attributes": [
            [
              {
                "type": "get_attr",
                "value": "custom_domain_verification_id"
              }
            ],
            [
              {
                "type": "get_attr",
                "value": "site_config"
              },
              {
                "type": "index",
                "value": {
                  "value": 0,
                  "type": "number"
                }
              },
              {
                "type": "get_attr",
                "value": "application_stack"
              },
              {
                "type": "index",
                "value": {
                  "value": 0,
                  "type": "number"
                }
              },
              {
                "type": "get_attr",
                "value": "docker_registry_password"
              }
            ],
            [
              {
                "type": "get_attr",
                "value": "site_credential"
              }
            ]
          ],
          "identity_schema_version": 0,
          "private": "eyJlMmJmYjczMC1lY2FhLTExZTYtOGY4OC0zNDM2M2JjN2M0YzAiOnsiY3JlYXRlIjoxODAwMDAwMDAwMDAwLCJkZWxldGUiOjE4MDAwMDAwMDAwMDAsInJlYWQiOjMwMDAwMDAwMDAwMCwidXBkYXRlIjoxODAwMDAwMDAwMDAwfSwic2NoZW1hX3ZlcnNpb24iOiIxIn0=",
          "dependencies": [
            "azurerm_resource_group.rg",
            "azurerm_service_plan.plan"
          ]
        }
      ]
    },
    {
      "mode": "managed",
      "type": "azurerm_resource_group",
      "name": "rg",
      "provider": "provider[\"registry.terraform.io/hashicorp/azurerm\"]",
      "instances": [
        {
          "schema_version": 0,
          "attributes": {
            "id": "/subscriptions/c650f963-8eec-48ce-8ac0-029ddfc0f1dc/resourceGroups/react-express-rg",
            "location": "centralindia",
            "managed_by": "",
            "name": "react-express-rg",
            "tags": null,
            "timeouts": null
          },
          "sensitive_attributes": [],
          "identity_schema_version": 0,
          "private": "eyJlMmJmYjczMC1lY2FhLTExZTYtOGY4OC0zNDM2M2JjN2M0YzAiOnsiY3JlYXRlIjo1NDAwMDAwMDAwMDAwLCJkZWxldGUiOjU0MDAwMDAwMDAwMDAsInJlYWQiOjMwMDAwMDAwMDAwMCwidXBkYXRlIjo1NDAwMDAwMDAwMDAwfX0="
        }
      ]
    },
    {
      "mode": "managed",
      "type": "azurerm_role_assignment",
      "name": "acrpull_backend",
      "provider": "provider[\"registry.terraform.io/hashicorp/azurerm\"]",
      "instances": [
        {
          "schema_version": 0,
          "attributes": {
            "condition": "",
            "condition_version": "",
            "delegated_managed_identity_resource_id": "",
            "description": "",
            "id": "/subscriptions/c650f963-8eec-48ce-8ac0-029ddfc0f1dc/resourceGroups/react-express-rg/providers/Microsoft.ContainerRegistry/registries/hallticketviewercontainer289/providers/Microsoft.Authorization/roleAssignments/34d43c46-cbd1-bfab-d99e-849a7037d42b",
            "name": "34d43c46-cbd1-bfab-d99e-849a7037d42b",
            "principal_id": "a54c9f7d-8bdf-4b38-87ff-16d4aa8cb63f",
            "principal_type": "ServicePrincipal",
            "role_definition_id": "/subscriptions/c650f963-8eec-48ce-8ac0-029ddfc0f1dc/providers/Microsoft.Authorization/roleDefinitions/7f951dda-4ed3-4680-a7ca-43fe172d538d",
            "role_definition_name": "AcrPull",
            "scope": "/subscriptions/c650f963-8eec-48ce-8ac0-029ddfc0f1dc/resourceGroups/react-express-rg/providers/Microsoft.ContainerRegistry/registries/hallticketviewercontainer289",
            "skip_service_principal_aad_check": null,
            "timeouts": null
          },
          "sensitive_attributes": [],
          "identity_schema_version": 0,
          "private": "eyJlMmJmYjczMC1lY2FhLTExZTYtOGY4OC0zNDM2M2JjN2M0YzAiOnsiY3JlYXRlIjoxODAwMDAwMDAwMDAwLCJkZWxldGUiOjE4MDAwMDAwMDAwMDAsInJlYWQiOjMwMDAwMDAwMDAwMH19",
          "dependencies": [
            "azurerm_container_registry.acr",
            "azurerm_linux_web_app.backend",
            "azurerm_linux_web_app.frontend",
            "azurerm_resource_group.rg",
            "azurerm_service_plan.plan"
          ]
        }
      ]
    },
    {
      "mode": "managed",
      "type": "azurerm_role_assignment",
      "name": "acrpull_frontend",
      "provider": "provider[\"registry.terraform.io/hashicorp/azurerm\"]",
      "instances": [
        {
          "schema_version": 0,
          "attributes": {
            "condition": "",
            "condition_version": "",
            "delegated_managed_identity_resource_id": "",
            "description": "",
            "id": "/subscriptions/c650f963-8eec-48ce-8ac0-029ddfc0f1dc/resourceGroups/react-express-rg/providers/Microsoft.ContainerRegistry/registries/hallticketviewercontainer289/providers/Microsoft.Authorization/roleAssignments/9863b82e-fa24-c73b-c3bd-fb0d95536489",
            "name": "9863b82e-fa24-c73b-c3bd-fb0d95536489",
            "principal_id": "d5b6381a-8a3f-4470-ace9-dcb7a0e9de70",
            "principal_type": "ServicePrincipal",
            "role_definition_id": "/subscriptions/c650f963-8eec-48ce-8ac0-029ddfc0f1dc/providers/Microsoft.Authorization/roleDefinitions/7f951dda-4ed3-4680-a7ca-43fe172d538d",
            "role_definition_name": "AcrPull",
            "scope": "/subscriptions/c650f963-8eec-48ce-8ac0-029ddfc0f1dc/resourceGroups/react-express-rg/providers/Microsoft.ContainerRegistry/registries/hallticketviewercontainer289",
            "skip_service_principal_aad_check": null,
            "timeouts": null
          },
          "sensitive_attributes": [],
          "identity_schema_version": 0,
          "private": "eyJlMmJmYjczMC1lY2FhLTExZTYtOGY4OC0zNDM2M2JjN2M0YzAiOnsiY3JlYXRlIjoxODAwMDAwMDAwMDAwLCJkZWxldGUiOjE4MDAwMDAwMDAwMDAsInJlYWQiOjMwMDAwMDAwMDAwMH19",
          "dependencies": [
            "azurerm_container_registry.acr",
            "azurerm_linux_web_app.frontend",
            "azurerm_resource_group.rg",
            "azurerm_service_plan.plan"
          ]
        }
      ]
    },
    {
      "mode": "managed",
      "type": "azurerm_service_plan",
      "name": "plan",
      "provider": "provider[\"registry.terraform.io/hashicorp/azurerm\"]",
      "instances": [
        {
          "schema_version": 1,
          "attributes": {
            "app_service_environment_id": "",
            "id": "/subscriptions/c650f963-8eec-48ce-8ac0-029ddfc0f1dc/resourceGroups/react-express-rg/providers/Microsoft.Web/serverFarms/react-express-free-plan",
            "kind": "linux",
            "location": "centralindia",
            "maximum_elastic_worker_count": 1,
            "name": "react-express-free-plan",
            "os_type": "Linux",
            "per_site_scaling_enabled": false,
            "premium_plan_auto_scale_enabled": false,
            "reserved": true,
            "resource_group_name": "react-express-rg",
            "sku_name": "F1",
            "tags": null,
            "timeouts": null,
            "worker_count": 1,
            "zone_balancing_enabled": false
          },
          "sensitive_attributes": [],
          "identity_schema_version": 0,
          "private": "eyJlMmJmYjczMC1lY2FhLTExZTYtOGY4OC0zNDM2M2JjN2M0YzAiOnsiY3JlYXRlIjozNjAwMDAwMDAwMDAwLCJkZWxldGUiOjM2MDAwMDAwMDAwMDAsInJlYWQiOjMwMDAwMDAwMDAwMCwidXBkYXRlIjozNjAwMDAwMDAwMDAwfSwic2NoZW1hX3ZlcnNpb24iOiIxIn0=",
          "dependencies": [
            "azurerm_resource_group.rg"
          ]
        }
      ]
    }
  ],
  "check_results": null
}
