{
  "version": 4,
  "terraform_version": "1.13.3",
  "serial": 25,
  "lineage": "1678bffd-4457-77e3-b341-113a841453c2",
  "outputs": {
    "acr_login_server": {
      "value": "hallticketviewercontainer289.azurecr.io",
      "type": "string"
    },
    "backend_url": {
      "value": "https://hallticket-backend.graywave-4f251e45.centralindia.azurecontainerapps.io",
      "type": "string"
    },
    "frontend_url": {
      "value": "https://hallticket-frontend.graywave-4f251e45.centralindia.azurecontainerapps.io",
      "type": "string"
    },
    "resource_group_name": {
      "value": "react-express-rg",
      "type": "string"
    }
  },
  "resources": [
    {
      "mode": "managed",
      "type": "azurerm_container_app",
      "name": "backend",
      "provider": "provider[\"registry.terraform.io/hashicorp/azurerm\"]",
      "instances": [
        {
          "schema_version": 0,
          "attributes": {
            "container_app_environment_id": "/subscriptions/c650f963-8eec-48ce-8ac0-029ddfc0f1dc/resourceGroups/react-express-rg/providers/Microsoft.App/managedEnvironments/hallticket-containerapp-env",
            "custom_domain_verification_id": "DA4654A3BA3C028CE0172F9ECDD2C6B7520C5361DCF186684C0F8AECE2851491",
            "dapr": [],
            "id": "/subscriptions/c650f963-8eec-48ce-8ac0-029ddfc0f1dc/resourceGroups/react-express-rg/providers/Microsoft.App/containerApps/hallticket-backend",
            "identity": [
              {
                "identity_ids": null,
                "principal_id": "750afbcc-7f6f-4d6f-9ac6-370d91fb6a42",
                "tenant_id": "b063c9c1-3667-4d97-b67d-9a3fee64078a",
                "type": "SystemAssigned"
              }
            ],
            "ingress": [
              {
                "allow_insecure_connections": false,
                "client_certificate_mode": "",
                "cors": [],
                "custom_domain": [],
                "exposed_port": 0,
                "external_enabled": true,
                "fqdn": "hallticket-backend.graywave-4f251e45.centralindia.azurecontainerapps.io",
                "ip_security_restriction": [],
                "target_port": 3000,
                "traffic_weight": [
                  {
                    "label": "",
                    "latest_revision": true,
                    "percentage": 100,
                    "revision_suffix": ""
                  }
                ],
                "transport": "auto"
              }
            ],
            "latest_revision_fqdn": "hallticket-backend--fptyi0i.graywave-4f251e45.centralindia.azurecontainerapps.io",
            "latest_revision_name": "hallticket-backend--fptyi0i",
            "location": "centralindia",
            "max_inactive_revisions": 0,
            "name": "hallticket-backend",
            "outbound_ip_addresses": [
              "4.187.178.180"
            ],
            "registry": [
              {
                "identity": "",
                "password_secret_name": "acr-password",
                "server": "hallticketviewercontainer289.azurecr.io",
                "username": "hallticketviewercontainer289"
              }
            ],
            "resource_group_name": "react-express-rg",
            "revision_mode": "Single",
            "secret": [
              {
                "identity": "",
                "key_vault_secret_id": "",
                "name": "acr-password",
                "value": "GOhnuMqEyV0b1/5zUrJ0OVaLA7pBvCk7+NL3PvejKw+ACRBeF8ZS"
              }
            ],
            "tags": null,
            "template": [
              {
                "azure_queue_scale_rule": [],
                "container": [
                  {
                    "args": null,
                    "command": null,
                    "cpu": 0.25,
                    "env": [
                      {
                        "name": "FRONTEND_URL",
                        "secret_name": "",
                        "value": "https://hallticket-frontend.graywave-4f251e45.centralindia.azurecontainerapps.io"
                      }
                    ],
                    "ephemeral_storage": "1Gi",
                    "image": "hallticketviewercontainer289.azurecr.io/backend:latest",
                    "liveness_probe": [],
                    "memory": "0.5Gi",
                    "name": "backend",
                    "readiness_probe": [],
                    "startup_probe": [],
                    "volume_mounts": []
                  }
                ],
                "custom_scale_rule": [],
                "http_scale_rule": [],
                "init_container": [],
                "max_replicas": 1,
                "min_replicas": 0,
                "revision_suffix": "",
                "tcp_scale_rule": [],
                "termination_grace_period_seconds": 0,
                "volume": []
              }
            ],
            "timeouts": null,
            "workload_profile_name": ""
          },
          "sensitive_attributes": [
            [
              {
                "type": "get_attr",
                "value": "custom_domain_verification_id"
              }
            ],
            [
              {
                "type": "get_attr",
                "value": "secret"
              }
            ]
          ],
          "identity_schema_version": 0,
          "private": "eyJlMmJmYjczMC1lY2FhLTExZTYtOGY4OC0zNDM2M2JjN2M0YzAiOnsiY3JlYXRlIjoxODAwMDAwMDAwMDAwLCJkZWxldGUiOjE4MDAwMDAwMDAwMDAsInJlYWQiOjMwMDAwMDAwMDAwMCwidXBkYXRlIjoxODAwMDAwMDAwMDAwfX0=",
          "dependencies": [
            "azurerm_container_app.frontend",
            "azurerm_container_app_environment.env",
            "azurerm_container_registry.acr",
            "azurerm_log_analytics_workspace.logs",
            "azurerm_resource_group.rg"
          ]
        }
      ]
    },
    {
      "mode": "managed",
      "type": "azurerm_container_app",
      "name": "frontend",
      "provider": "provider[\"registry.terraform.io/hashicorp/azurerm\"]",
      "instances": [
        {
          "schema_version": 0,
          "attributes": {
            "container_app_environment_id": "/subscriptions/c650f963-8eec-48ce-8ac0-029ddfc0f1dc/resourceGroups/react-express-rg/providers/Microsoft.App/managedEnvironments/hallticket-containerapp-env",
            "custom_domain_verification_id": "DA4654A3BA3C028CE0172F9ECDD2C6B7520C5361DCF186684C0F8AECE2851491",
            "dapr": [],
            "id": "/subscriptions/c650f963-8eec-48ce-8ac0-029ddfc0f1dc/resourceGroups/react-express-rg/providers/Microsoft.App/containerApps/hallticket-frontend",
            "identity": [
              {
                "identity_ids": [],
                "principal_id": "a8d34899-bd6b-4c75-b305-c2701fe17050",
                "tenant_id": "b063c9c1-3667-4d97-b67d-9a3fee64078a",
                "type": "SystemAssigned"
              }
            ],
            "ingress": [
              {
                "allow_insecure_connections": false,
                "client_certificate_mode": "",
                "cors": [],
                "custom_domain": [],
                "exposed_port": 0,
                "external_enabled": true,
                "fqdn": "hallticket-frontend.graywave-4f251e45.centralindia.azurecontainerapps.io",
                "ip_security_restriction": [],
                "target_port": 80,
                "traffic_weight": [
                  {
                    "label": "",
                    "latest_revision": true,
                    "percentage": 100,
                    "revision_suffix": ""
                  }
                ],
                "transport": "auto"
              }
            ],
            "latest_revision_fqdn": "hallticket-frontend--0000002.graywave-4f251e45.centralindia.azurecontainerapps.io",
            "latest_revision_name": "hallticket-frontend--0000002",
            "location": "centralindia",
            "max_inactive_revisions": 0,
            "name": "hallticket-frontend",
            "outbound_ip_addresses": [
              "4.187.178.180"
            ],
            "registry": [
              {
                "identity": "",
                "password_secret_name": "acr-password",
                "server": "hallticketviewercontainer289.azurecr.io",
                "username": "hallticketviewercontainer289"
              }
            ],
            "resource_group_name": "react-express-rg",
            "revision_mode": "Single",
            "secret": [
              {
                "identity": "",
                "key_vault_secret_id": "",
                "name": "acr-password",
                "value": "GOhnuMqEyV0b1/5zUrJ0OVaLA7pBvCk7+NL3PvejKw+ACRBeF8ZS"
              }
            ],
            "tags": {},
            "template": [
              {
                "azure_queue_scale_rule": [],
                "container": [
                  {
                    "args": [],
                    "command": [],
                    "cpu": 0.25,
                    "env": [],
                    "ephemeral_storage": "1Gi",
                    "image": "hallticketviewercontainer289.azurecr.io/frontend:latest",
                    "liveness_probe": [],
                    "memory": "0.5Gi",
                    "name": "frontend",
                    "readiness_probe": [],
                    "startup_probe": [],
                    "volume_mounts": []
                  }
                ],
                "custom_scale_rule": [],
                "http_scale_rule": [],
                "init_container": [],
                "max_replicas": 1,
                "min_replicas": 0,
                "revision_suffix": "",
                "tcp_scale_rule": [],
                "termination_grace_period_seconds": 0,
                "volume": []
              }
            ],
            "timeouts": null,
            "workload_profile_name": ""
          },
          "sensitive_attributes": [
            [
              {
                "type": "get_attr",
                "value": "custom_domain_verification_id"
              }
            ],
            [
              {
                "type": "get_attr",
                "value": "secret"
              }
            ]
          ],
          "identity_schema_version": 0,
          "private": "eyJlMmJmYjczMC1lY2FhLTExZTYtOGY4OC0zNDM2M2JjN2M0YzAiOnsiY3JlYXRlIjoxODAwMDAwMDAwMDAwLCJkZWxldGUiOjE4MDAwMDAwMDAwMDAsInJlYWQiOjMwMDAwMDAwMDAwMCwidXBkYXRlIjoxODAwMDAwMDAwMDAwfX0=",
          "dependencies": [
            "azurerm_container_app_environment.env",
            "azurerm_container_registry.acr",
            "azurerm_log_analytics_workspace.logs",
            "azurerm_resource_group.rg"
          ]
        }
      ]
    },
    {
      "mode": "managed",
      "type": "azurerm_container_app_environment",
      "name": "env",
      "provider": "provider[\"registry.terraform.io/hashicorp/azurerm\"]",
      "instances": [
        {
          "schema_version": 0,
          "attributes": {
            "custom_domain_verification_id": "DA4654A3BA3C028CE0172F9ECDD2C6B7520C5361DCF186684C0F8AECE2851491",
            "dapr_application_insights_connection_string": "",
            "default_domain": "graywave-4f251e45.centralindia.azurecontainerapps.io",
            "docker_bridge_cidr": "",
            "id": "/subscriptions/c650f963-8eec-48ce-8ac0-029ddfc0f1dc/resourceGroups/react-express-rg/providers/Microsoft.App/managedEnvironments/hallticket-containerapp-env",
            "identity": [],
            "infrastructure_resource_group_name": "",
            "infrastructure_subnet_id": "",
            "internal_load_balancer_enabled": false,
            "location": "centralindia",
            "log_analytics_workspace_id": "/subscriptions/c650f963-8eec-48ce-8ac0-029ddfc0f1dc/resourceGroups/react-express-rg/providers/Microsoft.OperationalInsights/workspaces/hallticket-logs",
            "logs_destination": "log-analytics",
            "mutual_tls_enabled": false,
            "name": "hallticket-containerapp-env",
            "platform_reserved_cidr": "",
            "platform_reserved_dns_ip_address": "",
            "resource_group_name": "react-express-rg",
            "static_ip_address": "4.187.251.27",
            "tags": {},
            "timeouts": null,
            "workload_profile": [],
            "zone_redundancy_enabled": false
          },
          "sensitive_attributes": [
            [
              {
                "type": "get_attr",
                "value": "dapr_application_insights_connection_string"
              }
            ]
          ],
          "identity_schema_version": 0,
          "private": "eyJlMmJmYjczMC1lY2FhLTExZTYtOGY4OC0zNDM2M2JjN2M0YzAiOnsiY3JlYXRlIjoxODAwMDAwMDAwMDAwLCJkZWxldGUiOjE4MDAwMDAwMDAwMDAsInJlYWQiOjMwMDAwMDAwMDAwMCwidXBkYXRlIjoxODAwMDAwMDAwMDAwfX0=",
          "dependencies": [
            "azurerm_log_analytics_workspace.logs",
            "azurerm_resource_group.rg"
          ]
        }
      ]
    },
    {
      "mode": "managed",
      "type": "azurerm_container_registry",
      "name": "acr",
      "provider": "provider[\"registry.terraform.io/hashicorp/azurerm\"]",
      "instances": [
        {
          "schema_version": 2,
          "attributes": {
            "admin_enabled": true,
            "admin_password": "GOhnuMqEyV0b1/5zUrJ0OVaLA7pBvCk7+NL3PvejKw+ACRBeF8ZS",
            "admin_username": "hallticketviewercontainer289",
            "anonymous_pull_enabled": false,
            "data_endpoint_enabled": false,
            "data_endpoint_host_names": [],
            "encryption": [],
            "export_policy_enabled": true,
            "georeplications": [],
            "id": "/subscriptions/c650f963-8eec-48ce-8ac0-029ddfc0f1dc/resourceGroups/react-express-rg/providers/Microsoft.ContainerRegistry/registries/hallticketviewercontainer289",
            "identity": [],
            "location": "centralindia",
            "login_server": "hallticketviewercontainer289.azurecr.io",
            "name": "hallticketviewercontainer289",
            "network_rule_bypass_option": "AzureServices",
            "network_rule_set": [],
            "public_network_access_enabled": true,
            "quarantine_policy_enabled": false,
            "resource_group_name": "react-express-rg",
            "retention_policy_in_days": 0,
            "sku": "Basic",
            "tags": {},
            "timeouts": null,
            "trust_policy_enabled": false,
            "zone_redundancy_enabled": false
          },
          "sensitive_attributes": [
            [
              {
                "type": "get_attr",
                "value": "admin_password"
              }
            ]
          ],
          "identity_schema_version": 0,
          "private": "eyJlMmJmYjczMC1lY2FhLTExZTYtOGY4OC0zNDM2M2JjN2M0YzAiOnsiY3JlYXRlIjoxODAwMDAwMDAwMDAwLCJkZWxldGUiOjE4MDAwMDAwMDAwMDAsInJlYWQiOjMwMDAwMDAwMDAwMCwidXBkYXRlIjoxODAwMDAwMDAwMDAwfSwic2NoZW1hX3ZlcnNpb24iOiIyIn0=",
          "dependencies": [
            "azurerm_resource_group.rg"
          ]
        }
      ]
    },
    {
      "mode": "managed",
      "type": "azurerm_log_analytics_workspace",
      "name": "logs",
      "provider": "provider[\"registry.terraform.io/hashicorp/azurerm\"]",
      "instances": [
        {
          "schema_version": 3,
          "attributes": {
            "allow_resource_only_permissions": true,
            "cmk_for_query_forced": false,
            "daily_quota_gb": -1,
            "data_collection_rule_id": "",
            "id": "/subscriptions/c650f963-8eec-48ce-8ac0-029ddfc0f1dc/resourceGroups/react-express-rg/providers/Microsoft.OperationalInsights/workspaces/hallticket-logs",
            "identity": [],
            "immediate_data_purge_on_30_days_enabled": false,
            "internet_ingestion_enabled": true,
            "internet_query_enabled": true,
            "local_authentication_disabled": true,
            "local_authentication_enabled": false,
            "location": "centralindia",
            "name": "hallticket-logs",
            "primary_shared_key": "S+WQdJiMG6hV3nLF3642folFW2kjaxBDukfGBepVy3lttdYvkGUcw8Lq8G5EyNmCVb1vpWbupAmC0VYeYpjQNA==",
            "reservation_capacity_in_gb_per_day": null,
            "resource_group_name": "react-express-rg",
            "retention_in_days": 30,
            "secondary_shared_key": "eV8VVWeAKvHrI5Bcqghbem1p1vkHjfzMiCLjt0Gvpc1Jbci/odEaN9XEwsvG3UGsW9epT6Gl/Yw7rMSaz1cwfw==",
            "sku": "PerGB2018",
            "tags": {},
            "timeouts": null,
            "workspace_id": "9fdbf22d-b9ce-4291-8f1b-6f9e7e56d00f"
          },
          "sensitive_attributes": [
            [
              {
                "type": "get_attr",
                "value": "primary_shared_key"
              }
            ],
            [
              {
                "type": "get_attr",
                "value": "secondary_shared_key"
              }
            ]
          ],
          "identity_schema_version": 0,
          "private": "eyJlMmJmYjczMC1lY2FhLTExZTYtOGY4OC0zNDM2M2JjN2M0YzAiOnsiY3JlYXRlIjoxODAwMDAwMDAwMDAwLCJkZWxldGUiOjE4MDAwMDAwMDAwMDAsInJlYWQiOjMwMDAwMDAwMDAwMCwidXBkYXRlIjoxODAwMDAwMDAwMDAwfSwic2NoZW1hX3ZlcnNpb24iOiIzIn0=",
          "dependencies": [
            "azurerm_resource_group.rg"
          ]
        }
      ]
    },
    {
      "mode": "managed",
      "type": "azurerm_resource_group",
      "name": "rg",
      "provider": "provider[\"registry.terraform.io/hashicorp/azurerm\"]",
      "instances": [
        {
          "schema_version": 0,
          "attributes": {
            "id": "/subscriptions/c650f963-8eec-48ce-8ac0-029ddfc0f1dc/resourceGroups/react-express-rg",
            "location": "centralindia",
            "managed_by": "",
            "name": "react-express-rg",
            "tags": {},
            "timeouts": null
          },
          "sensitive_attributes": [],
          "identity_schema_version": 0,
          "private": "eyJlMmJmYjczMC1lY2FhLTExZTYtOGY4OC0zNDM2M2JjN2M0YzAiOnsiY3JlYXRlIjo1NDAwMDAwMDAwMDAwLCJkZWxldGUiOjU0MDAwMDAwMDAwMDAsInJlYWQiOjMwMDAwMDAwMDAwMCwidXBkYXRlIjo1NDAwMDAwMDAwMDAwfX0="
        }
      ]
    },
    {
      "mode": "managed",
      "type": "azurerm_role_assignment",
      "name": "acrpull_backend",
      "provider": "provider[\"registry.terraform.io/hashicorp/azurerm\"]",
      "instances": [
        {
          "schema_version": 0,
          "attributes": {
            "condition": "",
            "condition_version": "",
            "delegated_managed_identity_resource_id": "",
            "description": "",
            "id": "/subscriptions/c650f963-8eec-48ce-8ac0-029ddfc0f1dc/resourceGroups/react-express-rg/providers/Microsoft.ContainerRegistry/registries/hallticketviewercontainer289/providers/Microsoft.Authorization/roleAssignments/08c284d9-20c2-9f50-bba3-504785773659",
            "name": "08c284d9-20c2-9f50-bba3-504785773659",
            "principal_id": "750afbcc-7f6f-4d6f-9ac6-370d91fb6a42",
            "principal_type": "ServicePrincipal",
            "role_definition_id": "/subscriptions/c650f963-8eec-48ce-8ac0-029ddfc0f1dc/providers/Microsoft.Authorization/roleDefinitions/7f951dda-4ed3-4680-a7ca-43fe172d538d",
            "role_definition_name": "AcrPull",
            "scope": "/subscriptions/c650f963-8eec-48ce-8ac0-029ddfc0f1dc/resourceGroups/react-express-rg/providers/Microsoft.ContainerRegistry/registries/hallticketviewercontainer289",
            "skip_service_principal_aad_check": null,
            "timeouts": null
          },
          "sensitive_attributes": [],
          "identity_schema_version": 0,
          "private": "eyJlMmJmYjczMC1lY2FhLTExZTYtOGY4OC0zNDM2M2JjN2M0YzAiOnsiY3JlYXRlIjoxODAwMDAwMDAwMDAwLCJkZWxldGUiOjE4MDAwMDAwMDAwMDAsInJlYWQiOjMwMDAwMDAwMDAwMH19",
          "dependencies": [
            "azurerm_container_app.backend",
            "azurerm_container_app.frontend",
            "azurerm_container_app_environment.env",
            "azurerm_container_registry.acr",
            "azurerm_log_analytics_workspace.logs",
            "azurerm_resource_group.rg"
          ]
        }
      ]
    },
    {
      "mode": "managed",
      "type": "azurerm_role_assignment",
      "name": "acrpull_frontend",
      "provider": "provider[\"registry.terraform.io/hashicorp/azurerm\"]",
      "instances": [
        {
          "schema_version": 0,
          "attributes": {
            "condition": "",
            "condition_version": "",
            "delegated_managed_identity_resource_id": "",
            "description": "",
            "id": "/subscriptions/c650f963-8eec-48ce-8ac0-029ddfc0f1dc/resourceGroups/react-express-rg/providers/Microsoft.ContainerRegistry/registries/hallticketviewercontainer289/providers/Microsoft.Authorization/roleAssignments/319b5252-c159-3b40-c690-5d7e48d67e9e",
            "name": "319b5252-c159-3b40-c690-5d7e48d67e9e",
            "principal_id": "a8d34899-bd6b-4c75-b305-c2701fe17050",
            "principal_type": "ServicePrincipal",
            "role_definition_id": "/subscriptions/c650f963-8eec-48ce-8ac0-029ddfc0f1dc/providers/Microsoft.Authorization/roleDefinitions/7f951dda-4ed3-4680-a7ca-43fe172d538d",
            "role_definition_name": "AcrPull",
            "scope": "/subscriptions/c650f963-8eec-48ce-8ac0-029ddfc0f1dc/resourceGroups/react-express-rg/providers/Microsoft.ContainerRegistry/registries/hallticketviewercontainer289",
            "skip_service_principal_aad_check": null,
            "timeouts": null
          },
          "sensitive_attributes": [],
          "identity_schema_version": 0,
          "private": "eyJlMmJmYjczMC1lY2FhLTExZTYtOGY4OC0zNDM2M2JjN2M0YzAiOnsiY3JlYXRlIjoxODAwMDAwMDAwMDAwLCJkZWxldGUiOjE4MDAwMDAwMDAwMDAsInJlYWQiOjMwMDAwMDAwMDAwMH19",
          "dependencies": [
            "azurerm_container_app.frontend",
            "azurerm_container_app_environment.env",
            "azurerm_container_registry.acr",
            "azurerm_log_analytics_workspace.logs",
            "azurerm_resource_group.rg"
          ]
        }
      ]
    }
  ],
  "check_results": null
}
